
Microsoft Visual Studio Solution File, Format Version 12.00
# Visual Studio 15
VisualStudioVersion = 15.0.28010.2048
MinimumVisualStudioVersion = 10.0.40219.1
Project("{FAE04EC0-301F-11D3-BF4B-00C04F79EFBC}") = "fileproperty", "fileproperty\fileproperty.csproj", "{2D4E3EC1-9AFA-4551-A579-21279FB3AD0B}"
EndProject
Global
	GlobalSection(SolutionConfigurationPlatforms) = preSolution
		Debug|Any CPU = Debug|Any CPU
		Release|Any CPU = Release|Any CPU
	EndGlobalSection
	GlobalSection(ProjectConfigurationPlatforms) = postSolution
		{2D4E3EC1-9AFA-4551-A579-21279FB3AD0B}.Debug|Any CPU.ActiveCfg = Debug|Any CPU
		{2D4E3EC1-9AFA-4551-A579-21279FB3AD0B}.Debug|Any CPU.Build.0 = Debug|Any CPU
		{2D4E3EC1-9AFA-4551-A579-21279FB3AD0B}.Release|Any CPU.ActiveCfg = Release|Any CPU
		{2D4E3EC1-9AFA-4551-A579-21279FB3AD0B}.Release|Any CPU.Build.0 = Release|Any CPU
	EndGlobalSection
	GlobalSection(SolutionProperties) = preSolution
		HideSolutionNode = FALSE
	EndGlobalSection
	GlobalSection(ExtensibilityGlobals) = postSolution
		SolutionGuid = {09C2C732-8ABB-4E73-92B6-41D4CAAD5909}
	EndGlobalSection
EndGlobal
